lockfileVersion: '9.0'

settings:
  autoInstallPeers: false
  excludeLinksFromLockfile: false

importers:

  .:
    dependencies:
      execa:
        specifier: ^8.0.0
        version: 8.0.1
      fs-extra:
        specifier: ^11.1.1
        version: 11.2.0
    devDependencies:
      typedoc:
        specifier: ^0.28.0
        version: 0.28.17(typescript@5.9.3)
      typedoc-github-wiki-theme:
        specifier: ^1.0.1
        version: 1.1.0(typedoc-plugin-markdown@3.17.1(typedoc@0.28.17(typescript@5.9.3)))(typedoc@0.28.17(typescript@5.9.3))
      typedoc-gitlab-wiki-theme:
        specifier: ^1.0.0
        version: 1.1.1(typedoc-plugin-markdown@3.17.1(typedoc@0.28.17(typescript@5.9.3)))(typedoc@0.28.17(typescript@5.9.3))
      typedoc-plugin-markdown:
        specifier: ^3.14.0
        version: 3.17.1(typedoc@0.28.17(typescript@5.9.3))
      typedoc-plugin-markdown-pages:
        specifier: ^0.3.0
        version: 0.3.0
      typedoc-plugin-mdn-links:
        specifier: ^3.0.3
        version: 3.3.8(typedoc@0.28.17(typescript@5.9.3))
      typescript:
        specifier: ^5.0.0
        version: 5.9.3

packages:

  '@gerrit0/mini-shiki@3.22.0':
    resolution: {integrity: sha512-jMpciqEVUBKE1QwU64S4saNMzpsSza6diNCk4MWAeCxO2+LFi2FIFmL2S0VDLzEJCxuvCbU783xi8Hp/gkM5CQ==}

  '@shikijs/engine-oniguruma@3.22.0':
    resolution: {integrity: sha512-DyXsOG0vGtNtl7ygvabHd7Mt5EY8gCNqR9Y7Lpbbd/PbJvgWrqaKzH1JW6H6qFkuUa8aCxoiYVv8/YfFljiQxA==}

  '@shikijs/langs@3.22.0':
    resolution: {integrity: sha512-x/42TfhWmp6H00T6uwVrdTJGKgNdFbrEdhaDwSR5fd5zhQ1Q46bHq9EO61SCEWJR0HY7z2HNDMaBZp8JRmKiIA==}

  '@shikijs/themes@3.22.0':
    resolution: {integrity: sha512-o+tlOKqsr6FE4+mYJG08tfCFDS+3CG20HbldXeVoyP+cYSUxDhrFf3GPjE60U55iOkkjbpY2uC3It/eeja35/g==}

  '@shikijs/types@3.22.0':
    resolution: {integrity: sha512-491iAekgKDBFE67z70Ok5a8KBMsQ2IJwOWw3us/7ffQkIBCyOQfm/aNwVMBUriP02QshIfgHCBSIYAl3u2eWjg==}

  '@shikijs/vscode-textmate@10.0.2':
    resolution: {integrity: sha512-83yeghZ2xxin3Nj8z1NMd/NCuca+gsYXswywDy5bHvwlWL8tpTQmzGeUuHd9FC3E/SBEMvzJRwWEOz5gGes9Qg==}

  '@types/hast@3.0.4':
    resolution: {integrity: sha512-WPs+bbQw5aCj+x6laNGWLH3wviHtoCv/P3+otBhbOhJgG8qtpdAMlTCxLtsTWA7LH1Oh/bFCHsBn0TPS5m30EQ==}

  '@types/unist@3.0.3':
    resolution: {integrity: sha512-ko/gIFJRv177XgZsZcBwnqJN5x/Gien8qNOn0D5bQU/zAzVf9Zt3BlcUiLqhV9y4ARk0GbT3tnUiPNgnTXzc/Q==}

  argparse@2.0.1:
    resolution: {integrity: sha512-8+9WqebbFzpX9OR+Wa6O29asIogeRMzcGtAINdpMHHyAg10f05aSFVBbcEqGf/PXw1EjAZ+q2/bEBg3DvurK3Q==}

  balanced-match@1.0.2:
    resolution: {integrity: sha512-3oSeUO0TMV67hN1AmbXsK4yaqU7tjiHlbxRDZOpH0KW9+CeX4bRAaX0Anxt0tx2MrpRpWwQaPwIlISEJhYU5Pw==}

  brace-expansion@2.0.1:
    resolution: {integrity: sha512-XnAIvQ8eM+kC6aULx6wuQiwVsnzsi9d3WxzV3FpWTGA19F621kwdbsAcFKXgKUHZWsy+mY6iL1sHTxWEFCytDA==}

  cross-spawn@7.0.3:
    resolution: {integrity: sha512-iRDPJKUPVEND7dHPO8rkbOnPpyDygcDFtWjpeWNCgy8WP2rXcxXL8TskReQl6OrB2G7+UJrags1q15Fudc7G6w==}
    engines: {node: '>= 8'}

  entities@4.5.0:
    resolution: {integrity: sha512-V0hjH4dGPh9Ao5p0MoRY6BVqtwCjhz6vI5LT8AJ55H+4g9/4vbHx1I54fS0XuclLhDHArPQCiMjDxjaL8fPxhw==}
    engines: {node: '>=0.12'}

  execa@8.0.1:
    resolution: {integrity: sha512-VyhnebXciFV2DESc+p6B+y0LjSm0krU4OgJN44qFAhBY0TJ+1V61tYD2+wHusZ6F9n5K+vl8k0sTy7PEfV4qpg==}
    engines: {node: '>=16.17'}

  fs-extra@11.2.0:
    resolution: {integrity: sha512-PmDi3uwK5nFuXh7XDTlVnS17xJS7vW36is2+w3xcv8SVxiB4NyATf4ctkVY5bkSjX0Y4nbvZCq1/EjtEyr9ktw==}
    engines: {node: '>=14.14'}

  get-stream@8.0.1:
    resolution: {integrity: sha512-VaUJspBffn/LMCJVoMvSAdmscJyS1auj5Zulnn5UoYcY531UWmdwhRWkcGKnGU93m5HSXP9LP2usOryrBtQowA==}
    engines: {node: '>=16'}

  graceful-fs@4.2.11:
    resolution: {integrity: sha512-RbJ5/jmFcNNCcDV5o9eTnBLJ/HszWV0P73bc+Ff4nS/rJj+YaS6IGyiOL0VoBYX+l1Wrl3k63h/KrH+nhJ0XvQ==}

  handlebars@4.7.8:
    resolution: {integrity: sha512-vafaFqs8MZkRrSX7sFVUdo3ap/eNiLnb4IakshzvP56X5Nr1iGKAIqdX6tMlm6HcNRIkr6AxO5jFEoJzzpT8aQ==}
    engines: {node: '>=0.4.7'}
    hasBin: true

  human-signals@5.0.0:
    resolution: {integrity: sha512-AXcZb6vzzrFAUE61HnN4mpLqd/cSIwNQjtNWR0euPm6y0iqx3G4gOXaIDdtdDwZmhwe82LA6+zinmW4UBWVePQ==}
    engines: {node: '>=16.17.0'}

  is-stream@3.0.0:
    resolution: {integrity: sha512-LnQR4bZ9IADDRSkvpqMGvt/tEJWclzklNgSw48V5EAaAeDd6qGvN8ei6k5p0tvxSR171VmGyHuTiAOfxAbr8kA==}
    engines: {node: ^12.20.0 || ^14.13.1 || >=16.0.0}

  isexe@2.0.0:
    resolution: {integrity: sha512-RHxMLp9lnKHGHRng9QFhRCMbYAcVpn69smSGcq3f36xjgVVWThj4qqLbTLlq7Ssj8B+fIQ1EuCEGI2lKsyQeIw==}

  jsonfile@6.1.0:
    resolution: {integrity: sha512-5dgndWOriYSm5cnYaJNhalLNDKOqFwyDB/rr1E9ZsGciGvKPs8R2xYGCacuf3z6K1YKDz182fd+fY3cn3pMqXQ==}

  linkify-it@5.0.0:
    resolution: {integrity: sha512-5aHCbzQRADcdP+ATqnDuhhJ/MRIqDkZX5pyjFHRRysS8vZ5AbqGEoFIb6pYHPZ+L/OC2Lc+xT8uHVVR5CAK/wQ==}

  lunr@2.3.9:
    resolution: {integrity: sha512-zTU3DaZaF3Rt9rhN3uBMGQD3dD2/vFQqnvZCDv4dl5iOzq2IZQqTxu90r4E5J+nP70J3ilqVCrbho2eWaeW8Ow==}

  markdown-it@14.1.0:
    resolution: {integrity: sha512-a54IwgWPaeBCAAsv13YgmALOF1elABB08FxO9i+r4VFk5Vl4pKokRPeX8u5TCgSsPi6ec1otfLjdOpVcgbpshg==}
    hasBin: true

  mdurl@2.0.0:
    resolution: {integrity: sha512-Lf+9+2r+Tdp5wXDXC4PcIBjTDtq4UKjCPMQhKIuzpJNW0b96kVqSwW0bT7FhRSfmAiFYgP+SCRvdrDozfh0U5w==}

  merge-stream@2.0.0:
    resolution: {integrity: sha512-abv/qOcuPfk3URPfDzmZU1LKmuw8kT+0nIHvKrKgFrwifol/doWcdA4ZqsWQ8ENrFKkd67Mfpo/LovbIUsbt3w==}

  mimic-fn@4.0.0:
    resolution: {integrity: sha512-vqiC06CuhBTUdZH+RYl8sFrL096vA45Ok5ISO6sE/Mr1jRbGH4Csnhi8f3wKVl7x8mO4Au7Ir9D3Oyv1VYMFJw==}
    engines: {node: '>=12'}

  minimatch@9.0.5:
    resolution: {integrity: sha512-G6T0ZX48xgozx7587koeX9Ys2NYy6Gmv//P89sEte9V9whIapMNF4idKxnW2QtCcLiTWlb/wfCabAtAFWhhBow==}
    engines: {node: '>=16 || 14 >=14.17'}

  minimist@1.2.8:
    resolution: {integrity: sha512-2yyAR8qBkN3YuheJanUpWC5U3bb5osDywNB8RzDVlDwDHbocAJveqqj1u8+SVD7jkWT4yvsHCpWqqWqAxb0zCA==}

  neo-async@2.6.2:
    resolution: {integrity: sha512-Yd3UES5mWCSqR+qNT93S3UoYUkqAZ9lLg8a7g9rimsWmYGK8cVToA4/sF3RrshdyV3sAGMXVUmpMYOw+dLpOuw==}

  npm-run-path@5.3.0:
    resolution: {integrity: sha512-ppwTtiJZq0O/ai0z7yfudtBpWIoxM8yE6nHi1X47eFR2EWORqfbu6CnPlNsjeN683eT0qG6H/Pyf9fCcvjnnnQ==}
    engines: {node: ^12.20.0 || ^14.13.1 || >=16.0.0}

  onetime@6.0.0:
    resolution: {integrity: sha512-1FlR+gjXK7X+AsAHso35MnyN5KqGwJRi/31ft6x0M194ht7S+rWAvd7PHss9xSKMzE0asv1pyIHaJYq+BbacAQ==}
    engines: {node: '>=12'}

  path-key@3.1.1:
    resolution: {integrity: sha512-ojmeN0qd+y0jszEtoY48r0Peq5dwMEkIlCOu6Q5f41lfkswXuKtYrhgoTpLnyIcHm24Uhqx+5Tqm2InSwLhE6Q==}
    engines: {node: '>=8'}

  path-key@4.0.0:
    resolution: {integrity: sha512-haREypq7xkM7ErfgIyA0z+Bj4AGKlMSdlQE2jvJo6huWD1EdkKYV+G/T4nq0YEF2vgTT8kqMFKo1uHn950r4SQ==}
    engines: {node: '>=12'}

  punycode.js@2.3.1:
    resolution: {integrity: sha512-uxFIHU0YlHYhDQtV4R9J6a52SLx28BCjT+4ieh7IGbgwVJWO+km431c4yRlREUAsAmt/uMjQUyQHNEPf0M39CA==}
    engines: {node: '>=6'}

  shebang-command@2.0.0:
    resolution: {integrity: sha512-kHxr2zZpYtdmrN1qDjrrX/Z1rR1kG8Dx+gkpK1G4eXmvXswmcE1hTWBWYUzlraYw1/yZp6YuDY77YtvbN0dmDA==}
    engines: {node: '>=8'}

  shebang-regex@3.0.0:
    resolution: {integrity: sha512-7++dFhtcx3353uBaq8DDR4NuxBetBzC7ZQOhmTQInHEd6bSrXdiEyzCvG07Z44UYdLShWUyXt5M/yhz8ekcb1A==}
    engines: {node: '>=8'}

  signal-exit@4.1.0:
    resolution: {integrity: sha512-bzyZ1e88w9O1iNJbKnOlvYTrWPDl46O1bG0D3XInv+9tkPrxrN8jUUTiFlDkkmKWgn1M6CfIA13SuGqOa9Korw==}
    engines: {node: '>=14'}

  source-map@0.6.1:
    resolution: {integrity: sha512-UjgapumWlbMhkBgzT7Ykc5YXUT46F0iKu8SGXq0bcwP5dz/h0Plj6enJqjz1Zbq2l5WaqYnrVbwWOWMyF3F47g==}
    engines: {node: '>=0.10.0'}

  strip-final-newline@3.0.0:
    resolution: {integrity: sha512-dOESqjYr96iWYylGObzd39EuNTa5VJxyvVAEm5Jnh7KGo75V43Hk1odPQkNDyXNmUR6k+gEiDVXnjB8HJ3crXw==}
    engines: {node: '>=12'}

  typedoc-github-wiki-theme@1.1.0:
    resolution: {integrity: sha512-VyFmz8ZV2j/qEsCjD5EtR6FgZsCoy64Zr6SS9kCTcq7zx69Cx4UJBx8Ga/naxqs08TDggE6myIfODY6awwAGcA==}
    peerDependencies:
      typedoc: '>=0.24.0'
      typedoc-plugin-markdown: '>=3.15.0'

  typedoc-gitlab-wiki-theme@1.1.1:
    resolution: {integrity: sha512-WnFpEyHsxCFY1GstpaViwGagFL9SfsKm3L/m2jEXtTO274ExZYbkPLZ7W/REP9xD51fvW57MyIJZrfo+V+UM5A==}
    peerDependencies:
      typedoc: '>=0.24.0'
      typedoc-plugin-markdown: '>=3.15.0'

  typedoc-plugin-markdown-pages@0.3.0:
    resolution: {integrity: sha512-QVWs6eL0BEOiRgJm6wRRgE8kESFv85HlefLv14ZbMM2VQ1HqErVeT9ukbhkYMznsD/juAsX3Xc5M+Ju7/ZDq4Q==}

  typedoc-plugin-markdown@3.17.1:
    resolution: {integrity: sha512-QzdU3fj0Kzw2XSdoL15ExLASt2WPqD7FbLeaqwT70+XjKyTshBnUlQA5nNREO1C2P8Uen0CDjsBLMsCQ+zd0lw==}
    peerDependencies:
      typedoc: '>=0.24.0'

  typedoc-plugin-mdn-links@3.3.8:
    resolution: {integrity: sha512-Aewg+SW7hBdffRpT6WnpRwWthoaF9irlzXDKRyvcDVekPZSFujOlh690SV6eCgqrtP7GBJmN0TVeJUq6+6rb1w==}
    peerDependencies:
      typedoc: '>= 0.23.14 || 0.24.x || 0.25.x || 0.26.x'

  typedoc@0.28.17:
    resolution: {integrity: sha512-ZkJ2G7mZrbxrKxinTQMjFqsCoYY6a5Luwv2GKbTnBCEgV2ihYm5CflA9JnJAwH0pZWavqfYxmDkFHPt4yx2oDQ==}
    engines: {node: '>= 18', pnpm: '>= 10'}
    hasBin: true
    peerDependencies:
      typescript: 5.0.x || 5.1.x || 5.2.x || 5.3.x || 5.4.x || 5.5.x || 5.6.x || 5.7.x || 5.8.x || 5.9.x

  typescript@5.9.3:
    resolution: {integrity: sha512-jl1vZzPDinLr9eUt3J/t7V6FgNEw9QjvBPdysz9KfQDD41fQrC2Y4vKQdiaUpFT4bXlb1RHhLpp8wtm6M5TgSw==}
    engines: {node: '>=14.17'}
    hasBin: true

  uc.micro@2.1.0:
    resolution: {integrity: sha512-ARDJmphmdvUk6Glw7y9DQ2bFkKBHwQHLi2lsaH6PPmz/Ka9sFOBsBluozhDltWmnv9u/cF6Rt87znRTPV+yp/A==}

  uglify-js@3.19.3:
    resolution: {integrity: sha512-v3Xu+yuwBXisp6QYTcH4UbH+xYJXqnq2m/LtQVWKWzYc1iehYnLixoQDN9FH6/j9/oybfd6W9Ghwkl8+UMKTKQ==}
    engines: {node: '>=0.8.0'}
    hasBin: true

  universalify@2.0.1:
    resolution: {integrity: sha512-gptHNQghINnc/vTGIk0SOFGFNXw7JVrlRUtConJRlvaw6DuX0wO5Jeko9sWrMBhh+PsYAZ7oXAiOnf/UKogyiw==}
    engines: {node: '>= 10.0.0'}

  which@2.0.2:
    resolution: {integrity: sha512-BLI3Tl1TW3Pvl70l3yq3Y64i+awpwXqsGBYWkkqMtnbXgrMD+yj7rhW0kuEDxzJaYXGjEW5ogapKNMEKNMjibA==}
    engines: {node: '>= 8'}
    hasBin: true

  wordwrap@1.0.0:
    resolution: {integrity: sha512-gvVzJFlPycKc5dZN4yPkP8w7Dc37BtP1yczEneOb4uq34pXZcvrtRTmWV8W+Ume+XCxKgbjM+nevkyFPMybd4Q==}

  yaml@2.8.2:
    resolution: {integrity: sha512-mplynKqc1C2hTVYxd0PU2xQAc22TI1vShAYGksCCfxbn/dFwnHTNi1bvYsBTkhdUNtGIf5xNOg938rrSSYvS9A==}
    engines: {node: '>= 14.6'}
    hasBin: true

snapshots:

  '@gerrit0/mini-shiki@3.22.0':
    dependencies:
      '@shikijs/engine-oniguruma': 3.22.0
      '@shikijs/langs': 3.22.0
      '@shikijs/themes': 3.22.0
      '@shikijs/types': 3.22.0
      '@shikijs/vscode-textmate': 10.0.2

  '@shikijs/engine-oniguruma@3.22.0':
    dependencies:
      '@shikijs/types': 3.22.0
      '@shikijs/vscode-textmate': 10.0.2

  '@shikijs/langs@3.22.0':
    dependencies:
      '@shikijs/types': 3.22.0

  '@shikijs/themes@3.22.0':
    dependencies:
      '@shikijs/types': 3.22.0

  '@shikijs/types@3.22.0':
    dependencies:
      '@shikijs/vscode-textmate': 10.0.2
      '@types/hast': 3.0.4

  '@shikijs/vscode-textmate@10.0.2': {}

  '@types/hast@3.0.4':
    dependencies:
      '@types/unist': 3.0.3

  '@types/unist@3.0.3': {}

  argparse@2.0.1: {}

  balanced-match@1.0.2: {}

  brace-expansion@2.0.1:
    dependencies:
      balanced-match: 1.0.2

  cross-spawn@7.0.3:
    dependencies:
      path-key: 3.1.1
      shebang-command: 2.0.0
      which: 2.0.2

  entities@4.5.0: {}

  execa@8.0.1:
    dependencies:
      cross-spawn: 7.0.3
      get-stream: 8.0.1
      human-signals: 5.0.0
      is-stream: 3.0.0
      merge-stream: 2.0.0
      npm-run-path: 5.3.0
      onetime: 6.0.0
      signal-exit: 4.1.0
      strip-final-newline: 3.0.0

  fs-extra@11.2.0:
    dependencies:
      graceful-fs: 4.2.11
      jsonfile: 6.1.0
      universalify: 2.0.1

  get-stream@8.0.1: {}

  graceful-fs@4.2.11: {}

  handlebars@4.7.8:
    dependencies:
      minimist: 1.2.8
      neo-async: 2.6.2
      source-map: 0.6.1
      wordwrap: 1.0.0
    optionalDependencies:
      uglify-js: 3.19.3

  human-signals@5.0.0: {}

  is-stream@3.0.0: {}

  isexe@2.0.0: {}

  jsonfile@6.1.0:
    dependencies:
      universalify: 2.0.1
    optionalDependencies:
      graceful-fs: 4.2.11

  linkify-it@5.0.0:
    dependencies:
      uc.micro: 2.1.0

  lunr@2.3.9: {}

  markdown-it@14.1.0:
    dependencies:
      argparse: 2.0.1
      entities: 4.5.0
      linkify-it: 5.0.0
      mdurl: 2.0.0
      punycode.js: 2.3.1
      uc.micro: 2.1.0

  mdurl@2.0.0: {}

  merge-stream@2.0.0: {}

  mimic-fn@4.0.0: {}

  minimatch@9.0.5:
    dependencies:
      brace-expansion: 2.0.1

  minimist@1.2.8: {}

  neo-async@2.6.2: {}

  npm-run-path@5.3.0:
    dependencies:
      path-key: 4.0.0

  onetime@6.0.0:
    dependencies:
      mimic-fn: 4.0.0

  path-key@3.1.1: {}

  path-key@4.0.0: {}

  punycode.js@2.3.1: {}

  shebang-command@2.0.0:
    dependencies:
      shebang-regex: 3.0.0

  shebang-regex@3.0.0: {}

  signal-exit@4.1.0: {}

  source-map@0.6.1: {}

  strip-final-newline@3.0.0: {}

  typedoc-github-wiki-theme@1.1.0(typedoc-plugin-markdown@3.17.1(typedoc@0.28.17(typescript@5.9.3)))(typedoc@0.28.17(typescript@5.9.3)):
    dependencies:
      typedoc: 0.28.17(typescript@5.9.3)
      typedoc-plugin-markdown: 3.17.1(typedoc@0.28.17(typescript@5.9.3))

  typedoc-gitlab-wiki-theme@1.1.1(typedoc-plugin-markdown@3.17.1(typedoc@0.28.17(typescript@5.9.3)))(typedoc@0.28.17(typescript@5.9.3)):
    dependencies:
      typedoc: 0.28.17(typescript@5.9.3)
      typedoc-plugin-markdown: 3.17.1(typedoc@0.28.17(typescript@5.9.3))

  typedoc-plugin-markdown-pages@0.3.0: {}

  typedoc-plugin-markdown@3.17.1(typedoc@0.28.17(typescript@5.9.3)):
    dependencies:
      handlebars: 4.7.8
      typedoc: 0.28.17(typescript@5.9.3)

  typedoc-plugin-mdn-links@3.3.8(typedoc@0.28.17(typescript@5.9.3)):
    dependencies:
      typedoc: 0.28.17(typescript@5.9.3)

  typedoc@0.28.17(typescript@5.9.3):
    dependencies:
      '@gerrit0/mini-shiki': 3.22.0
      lunr: 2.3.9
      markdown-it: 14.1.0
      minimatch: 9.0.5
      typescript: 5.9.3
      yaml: 2.8.2

  typescript@5.9.3: {}

  uc.micro@2.1.0: {}

  uglify-js@3.19.3:
    optional: true

  universalify@2.0.1: {}

  which@2.0.2:
    dependencies:
      isexe: 2.0.0

  wordwrap@1.0.0: {}

  yaml@2.8.2: {}
