lockfileVersion: '9.0'

settings:
  autoInstallPeers: false
  excludeLinksFromLockfile: false

importers:

  .:
    dependencies:
      execa:
        specifier: ^8.0.0
        version: 8.0.1
      fs-extra:
        specifier: ^11.1.1
        version: 11.3.3
    devDependencies:
      typedoc:
        specifier: ^0.26.0
        version: 0.26.11(typescript@5.9.3)
      typedoc-github-wiki-theme:
        specifier: ^1.0.1
        version: 1.1.0(typedoc-plugin-markdown@3.17.1(typedoc@0.26.11(typescript@5.9.3)))(typedoc@0.26.11(typescript@5.9.3))
      typedoc-gitlab-wiki-theme:
        specifier: ^1.0.0
        version: 1.1.1(typedoc-plugin-markdown@3.17.1(typedoc@0.26.11(typescript@5.9.3)))(typedoc@0.26.11(typescript@5.9.3))
      typedoc-plugin-markdown:
        specifier: ^3.14.0
        version: 3.17.1(typedoc@0.26.11(typescript@5.9.3))
      typedoc-plugin-markdown-pages:
        specifier: ^0.3.0
        version: 0.3.0
      typedoc-plugin-mdn-links:
        specifier: ^3.0.3
        version: 3.3.8(typedoc@0.26.11(typescript@5.9.3))
      typescript:
        specifier: ^5.0.0
        version: 5.9.3

packages:

  '@shikijs/core@1.29.2':
    resolution: {integrity: sha512-vju0lY9r27jJfOY4Z7+Rt/nIOjzJpZ3y+nYpqtUZInVoXQ/TJZcfGnNOGnKjFdVZb8qexiCuSlZRKcGfhhTTZQ==}

  '@shikijs/engine-javascript@1.29.2':
    resolution: {integrity: sha512-iNEZv4IrLYPv64Q6k7EPpOCE/nuvGiKl7zxdq0WFuRPF5PAE9PRo2JGq/d8crLusM59BRemJ4eOqrFrC4wiQ+A==}

  '@shikijs/engine-oniguruma@1.29.2':
    resolution: {integrity: sha512-7iiOx3SG8+g1MnlzZVDYiaeHe7Ez2Kf2HrJzdmGwkRisT7r4rak0e655AcM/tF9JG/kg5fMNYlLLKglbN7gBqA==}

  '@shikijs/langs@1.29.2':
    resolution: {integrity: sha512-FIBA7N3LZ+223U7cJDUYd5shmciFQlYkFXlkKVaHsCPgfVLiO+e12FmQE6Tf9vuyEsFe3dIl8qGWKXgEHL9wmQ==}

  '@shikijs/themes@1.29.2':
    resolution: {integrity: sha512-i9TNZlsq4uoyqSbluIcZkmPL9Bfi3djVxRnofUHwvx/h6SRW3cwgBC5SML7vsDcWyukY0eCzVN980rqP6qNl9g==}

  '@shikijs/types@1.29.2':
    resolution: {integrity: sha512-VJjK0eIijTZf0QSTODEXCqinjBn0joAHQ+aPSBzrv4O2d/QSbsMw+ZeSRx03kV34Hy7NzUvV/7NqfYGRLrASmw==}

  '@shikijs/vscode-textmate@10.0.2':
    resolution: {integrity: sha512-83yeghZ2xxin3Nj8z1NMd/NCuca+gsYXswywDy5bHvwlWL8tpTQmzGeUuHd9FC3E/SBEMvzJRwWEOz5gGes9Qg==}

  '@types/hast@3.0.4':
    resolution: {integrity: sha512-WPs+bbQw5aCj+x6laNGWLH3wviHtoCv/P3+otBhbOhJgG8qtpdAMlTCxLtsTWA7LH1Oh/bFCHsBn0TPS5m30EQ==}

  '@types/mdast@4.0.4':
    resolution: {integrity: sha512-kGaNbPh1k7AFzgpud/gMdvIm5xuECykRR+JnWKQno9TAXVa6WIVCGTPvYGekIDL4uwCZQSYbUxNBSb1aUo79oA==}

  '@types/unist@3.0.3':
    resolution: {integrity: sha512-ko/gIFJRv177XgZsZcBwnqJN5x/Gien8qNOn0D5bQU/zAzVf9Zt3BlcUiLqhV9y4ARk0GbT3tnUiPNgnTXzc/Q==}

  '@ungap/structured-clone@1.3.0':
    resolution: {integrity: sha512-WmoN8qaIAo7WTYWbAZuG8PYEhn5fkz7dZrqTBZ7dtt//lL2Gwms1IcnQ5yHqjDfX8Ft5j4YzDM23f87zBfDe9g==}

  argparse@2.0.1:
    resolution: {integrity: sha512-8+9WqebbFzpX9OR+Wa6O29asIogeRMzcGtAINdpMHHyAg10f05aSFVBbcEqGf/PXw1EjAZ+q2/bEBg3DvurK3Q==}

  balanced-match@1.0.2:
    resolution: {integrity: sha512-3oSeUO0TMV67hN1AmbXsK4yaqU7tjiHlbxRDZOpH0KW9+CeX4bRAaX0Anxt0tx2MrpRpWwQaPwIlISEJhYU5Pw==}

  brace-expansion@2.0.2:
    resolution: {integrity: sha512-Jt0vHyM+jmUBqojB7E1NIYadt0vI0Qxjxd2TErW94wDz+E2LAm5vKMXXwg6ZZBTHPuUlDgQHKXvjGBdfcF1ZDQ==}

  ccount@2.0.1:
    resolution: {integrity: sha512-eyrF0jiFpY+3drT6383f1qhkbGsLSifNAjA61IUjZjmLCWjItY6LB9ft9YhoDgwfmclB2zhu51Lc7+95b8NRAg==}

  character-entities-html4@2.1.0:
    resolution: {integrity: sha512-1v7fgQRj6hnSwFpq1Eu0ynr/CDEw0rXo2B61qXrLNdHZmPKgb7fqS1a2JwF0rISo9q77jDI8VMEHoApn8qDoZA==}

  character-entities-legacy@3.0.0:
    resolution: {integrity: sha512-RpPp0asT/6ufRm//AJVwpViZbGM/MkjQFxJccQRHmISF/22NBtsHqAWmL+/pmkPWoIUJdWyeVleTl1wydHATVQ==}

  comma-separated-tokens@2.0.3:
    resolution: {integrity: sha512-Fu4hJdvzeylCfQPp9SGWidpzrMs7tTrlu6Vb8XGaRGck8QSNZJJp538Wrb60Lax4fPwR64ViY468OIUTbRlGZg==}

  cross-spawn@7.0.6:
    resolution: {integrity: sha512-uV2QOWP2nWzsy2aMp8aRibhi9dlzF5Hgh5SHaB9OiTGEyDTiJJyx0uy51QXdyWbtAHNua4XJzUKca3OzKUd3vA==}
    engines: {node: '>= 8'}

  dequal@2.0.3:
    resolution: {integrity: sha512-0je+qPKHEMohvfRTCEo3CrPG6cAzAYgmzKyxRiYSSDkS6eGJdyVJm7WaYA5ECaAD9wLB2T4EEeymA5aFVcYXCA==}
    engines: {node: '>=6'}

  devlop@1.1.0:
    resolution: {integrity: sha512-RWmIqhcFf1lRYBvNmr7qTNuyCt/7/ns2jbpp1+PalgE/rDQcBT0fioSMUpJ93irlUhC5hrg4cYqe6U+0ImW0rA==}

  emoji-regex-xs@1.0.0:
    resolution: {integrity: sha512-LRlerrMYoIDrT6jgpeZ2YYl/L8EulRTt5hQcYjy5AInh7HWXKimpqx68aknBFpGL2+/IcogTcaydJEgaTmOpDg==}

  entities@4.5.0:
    resolution: {integrity: sha512-V0hjH4dGPh9Ao5p0MoRY6BVqtwCjhz6vI5LT8AJ55H+4g9/4vbHx1I54fS0XuclLhDHArPQCiMjDxjaL8fPxhw==}
    engines: {node: '>=0.12'}

  execa@8.0.1:
    resolution: {integrity: sha512-VyhnebXciFV2DESc+p6B+y0LjSm0krU4OgJN44qFAhBY0TJ+1V61tYD2+wHusZ6F9n5K+vl8k0sTy7PEfV4qpg==}
    engines: {node: '>=16.17'}

  fs-extra@11.3.3:
    resolution: {integrity: sha512-VWSRii4t0AFm6ixFFmLLx1t7wS1gh+ckoa84aOeapGum0h+EZd1EhEumSB+ZdDLnEPuucsVB9oB7cxJHap6Afg==}
    engines: {node: '>=14.14'}

  get-stream@8.0.1:
    resolution: {integrity: sha512-VaUJspBffn/LMCJVoMvSAdmscJyS1auj5Zulnn5UoYcY531UWmdwhRWkcGKnGU93m5HSXP9LP2usOryrBtQowA==}
    engines: {node: '>=16'}

  graceful-fs@4.2.11:
    resolution: {integrity: sha512-RbJ5/jmFcNNCcDV5o9eTnBLJ/HszWV0P73bc+Ff4nS/rJj+YaS6IGyiOL0VoBYX+l1Wrl3k63h/KrH+nhJ0XvQ==}

  handlebars@4.7.8:
    resolution: {integrity: sha512-vafaFqs8MZkRrSX7sFVUdo3ap/eNiLnb4IakshzvP56X5Nr1iGKAIqdX6tMlm6HcNRIkr6AxO5jFEoJzzpT8aQ==}
    engines: {node: '>=0.4.7'}
    hasBin: true

  hast-util-to-html@9.0.5:
    resolution: {integrity: sha512-OguPdidb+fbHQSU4Q4ZiLKnzWo8Wwsf5bZfbvu7//a9oTYoqD/fWpe96NuHkoS9h0ccGOTe0C4NGXdtS0iObOw==}

  hast-util-whitespace@3.0.0:
    resolution: {integrity: sha512-88JUN06ipLwsnv+dVn+OIYOvAuvBMy/Qoi6O7mQHxdPXpjy+Cd6xRkWwux7DKO+4sYILtLBRIKgsdpS2gQc7qw==}

  html-void-elements@3.0.0:
    resolution: {integrity: sha512-bEqo66MRXsUGxWHV5IP0PUiAWwoEjba4VCzg0LjFJBpchPaTfyfCKTG6bc5F8ucKec3q5y6qOdGyYTSBEvhCrg==}

  human-signals@5.0.0:
    resolution: {integrity: sha512-AXcZb6vzzrFAUE61HnN4mpLqd/cSIwNQjtNWR0euPm6y0iqx3G4gOXaIDdtdDwZmhwe82LA6+zinmW4UBWVePQ==}
    engines: {node: '>=16.17.0'}

  is-stream@3.0.0:
    resolution: {integrity: sha512-LnQR4bZ9IADDRSkvpqMGvt/tEJWclzklNgSw48V5EAaAeDd6qGvN8ei6k5p0tvxSR171VmGyHuTiAOfxAbr8kA==}
    engines: {node: ^12.20.0 || ^14.13.1 || >=16.0.0}

  isexe@2.0.0:
    resolution: {integrity: sha512-RHxMLp9lnKHGHRng9QFhRCMbYAcVpn69smSGcq3f36xjgVVWThj4qqLbTLlq7Ssj8B+fIQ1EuCEGI2lKsyQeIw==}

  jsonfile@6.2.0:
    resolution: {integrity: sha512-FGuPw30AdOIUTRMC2OMRtQV+jkVj2cfPqSeWXv1NEAJ1qZ5zb1X6z1mFhbfOB/iy3ssJCD+3KuZ8r8C3uVFlAg==}

  linkify-it@5.0.0:
    resolution: {integrity: sha512-5aHCbzQRADcdP+ATqnDuhhJ/MRIqDkZX5pyjFHRRysS8vZ5AbqGEoFIb6pYHPZ+L/OC2Lc+xT8uHVVR5CAK/wQ==}

  lunr@2.3.9:
    resolution: {integrity: sha512-zTU3DaZaF3Rt9rhN3uBMGQD3dD2/vFQqnvZCDv4dl5iOzq2IZQqTxu90r4E5J+nP70J3ilqVCrbho2eWaeW8Ow==}

  markdown-it@14.1.1:
    resolution: {integrity: sha512-BuU2qnTti9YKgK5N+IeMubp14ZUKUUw7yeJbkjtosvHiP0AZ5c8IAgEMk79D0eC8F23r4Ac/q8cAIFdm2FtyoA==}
    hasBin: true

  mdast-util-to-hast@13.2.1:
    resolution: {integrity: sha512-cctsq2wp5vTsLIcaymblUriiTcZd0CwWtCbLvrOzYCDZoWyMNV8sZ7krj09FSnsiJi3WVsHLM4k6Dq/yaPyCXA==}

  mdurl@2.0.0:
    resolution: {integrity: sha512-Lf+9+2r+Tdp5wXDXC4PcIBjTDtq4UKjCPMQhKIuzpJNW0b96kVqSwW0bT7FhRSfmAiFYgP+SCRvdrDozfh0U5w==}

  merge-stream@2.0.0:
    resolution: {integrity: sha512-abv/qOcuPfk3URPfDzmZU1LKmuw8kT+0nIHvKrKgFrwifol/doWcdA4ZqsWQ8ENrFKkd67Mfpo/LovbIUsbt3w==}

  micromark-util-character@2.1.1:
    resolution: {integrity: sha512-wv8tdUTJ3thSFFFJKtpYKOYiGP2+v96Hvk4Tu8KpCAsTMs6yi+nVmGh1syvSCsaxz45J6Jbw+9DD6g97+NV67Q==}

  micromark-util-encode@2.0.1:
    resolution: {integrity: sha512-c3cVx2y4KqUnwopcO9b/SCdo2O67LwJJ/UyqGfbigahfegL9myoEFoDYZgkT7f36T0bLrM9hZTAaAyH+PCAXjw==}

  micromark-util-sanitize-uri@2.0.1:
    resolution: {integrity: sha512-9N9IomZ/YuGGZZmQec1MbgxtlgougxTodVwDzzEouPKo3qFWvymFHWcnDi2vzV1ff6kas9ucW+o3yzJK9YB1AQ==}

  micromark-util-symbol@2.0.1:
    resolution: {integrity: sha512-vs5t8Apaud9N28kgCrRUdEed4UJ+wWNvicHLPxCa9ENlYuAY31M0ETy5y1vA33YoNPDFTghEbnh6efaE8h4x0Q==}

  micromark-util-types@2.0.2:
    resolution: {integrity: sha512-Yw0ECSpJoViF1qTU4DC6NwtC4aWGt1EkzaQB8KPPyCRR8z9TWeV0HbEFGTO+ZY1wB22zmxnJqhPyTpOVCpeHTA==}

  mimic-fn@4.0.0:
    resolution: {integrity: sha512-vqiC06CuhBTUdZH+RYl8sFrL096vA45Ok5ISO6sE/Mr1jRbGH4Csnhi8f3wKVl7x8mO4Au7Ir9D3Oyv1VYMFJw==}
    engines: {node: '>=12'}

  minimatch@9.0.5:
    resolution: {integrity: sha512-G6T0ZX48xgozx7587koeX9Ys2NYy6Gmv//P89sEte9V9whIapMNF4idKxnW2QtCcLiTWlb/wfCabAtAFWhhBow==}
    engines: {node: '>=16 || 14 >=14.17'}

  minimist@1.2.8:
    resolution: {integrity: sha512-2yyAR8qBkN3YuheJanUpWC5U3bb5osDywNB8RzDVlDwDHbocAJveqqj1u8+SVD7jkWT4yvsHCpWqqWqAxb0zCA==}

  neo-async@2.6.2:
    resolution: {integrity: sha512-Yd3UES5mWCSqR+qNT93S3UoYUkqAZ9lLg8a7g9rimsWmYGK8cVToA4/sF3RrshdyV3sAGMXVUmpMYOw+dLpOuw==}

  npm-run-path@5.3.0:
    resolution: {integrity: sha512-ppwTtiJZq0O/ai0z7yfudtBpWIoxM8yE6nHi1X47eFR2EWORqfbu6CnPlNsjeN683eT0qG6H/Pyf9fCcvjnnnQ==}
    engines: {node: ^12.20.0 || ^14.13.1 || >=16.0.0}

  onetime@6.0.0:
    resolution: {integrity: sha512-1FlR+gjXK7X+AsAHso35MnyN5KqGwJRi/31ft6x0M194ht7S+rWAvd7PHss9xSKMzE0asv1pyIHaJYq+BbacAQ==}
    engines: {node: '>=12'}

  oniguruma-to-es@2.3.0:
    resolution: {integrity: sha512-bwALDxriqfKGfUufKGGepCzu9x7nJQuoRoAFp4AnwehhC2crqrDIAP/uN2qdlsAvSMpeRC3+Yzhqc7hLmle5+g==}

  path-key@3.1.1:
    resolution: {integrity: sha512-ojmeN0qd+y0jszEtoY48r0Peq5dwMEkIlCOu6Q5f41lfkswXuKtYrhgoTpLnyIcHm24Uhqx+5Tqm2InSwLhE6Q==}
    engines: {node: '>=8'}

  path-key@4.0.0:
    resolution: {integrity: sha512-haREypq7xkM7ErfgIyA0z+Bj4AGKlMSdlQE2jvJo6huWD1EdkKYV+G/T4nq0YEF2vgTT8kqMFKo1uHn950r4SQ==}
    engines: {node: '>=12'}

  property-information@7.1.0:
    resolution: {integrity: sha512-TwEZ+X+yCJmYfL7TPUOcvBZ4QfoT5YenQiJuX//0th53DE6w0xxLEtfK3iyryQFddXuvkIk51EEgrJQ0WJkOmQ==}

  punycode.js@2.3.1:
    resolution: {integrity: sha512-uxFIHU0YlHYhDQtV4R9J6a52SLx28BCjT+4ieh7IGbgwVJWO+km431c4yRlREUAsAmt/uMjQUyQHNEPf0M39CA==}
    engines: {node: '>=6'}

  regex-recursion@5.1.1:
    resolution: {integrity: sha512-ae7SBCbzVNrIjgSbh7wMznPcQel1DNlDtzensnFxpiNpXt1U2ju/bHugH422r+4LAVS1FpW1YCwilmnNsjum9w==}

  regex-utilities@2.3.0:
    resolution: {integrity: sha512-8VhliFJAWRaUiVvREIiW2NXXTmHs4vMNnSzuJVhscgmGav3g9VDxLrQndI3dZZVVdp0ZO/5v0xmX516/7M9cng==}

  regex@5.1.1:
    resolution: {integrity: sha512-dN5I359AVGPnwzJm2jN1k0W9LPZ+ePvoOeVMMfqIMFz53sSwXkxaJoxr50ptnsC771lK95BnTrVSZxq0b9yCGw==}

  shebang-command@2.0.0:
    resolution: {integrity: sha512-kHxr2zZpYtdmrN1qDjrrX/Z1rR1kG8Dx+gkpK1G4eXmvXswmcE1hTWBWYUzlraYw1/yZp6YuDY77YtvbN0dmDA==}
    engines: {node: '>=8'}

  shebang-regex@3.0.0:
    resolution: {integrity: sha512-7++dFhtcx3353uBaq8DDR4NuxBetBzC7ZQOhmTQInHEd6bSrXdiEyzCvG07Z44UYdLShWUyXt5M/yhz8ekcb1A==}
    engines: {node: '>=8'}

  shiki@1.29.2:
    resolution: {integrity: sha512-njXuliz/cP+67jU2hukkxCNuH1yUi4QfdZZY+sMr5PPrIyXSu5iTb/qYC4BiWWB0vZ+7TbdvYUCeL23zpwCfbg==}

  signal-exit@4.1.0:
    resolution: {integrity: sha512-bzyZ1e88w9O1iNJbKnOlvYTrWPDl46O1bG0D3XInv+9tkPrxrN8jUUTiFlDkkmKWgn1M6CfIA13SuGqOa9Korw==}
    engines: {node: '>=14'}

  source-map@0.6.1:
    resolution: {integrity: sha512-UjgapumWlbMhkBgzT7Ykc5YXUT46F0iKu8SGXq0bcwP5dz/h0Plj6enJqjz1Zbq2l5WaqYnrVbwWOWMyF3F47g==}
    engines: {node: '>=0.10.0'}

  space-separated-tokens@2.0.2:
    resolution: {integrity: sha512-PEGlAwrG8yXGXRjW32fGbg66JAlOAwbObuqVoJpv/mRgoWDQfgH1wDPvtzWyUSNAXBGSk8h755YDbbcEy3SH2Q==}

  stringify-entities@4.0.4:
    resolution: {integrity: sha512-IwfBptatlO+QCJUo19AqvrPNqlVMpW9YEL2LIVY+Rpv2qsjCGxaDLNRgeGsQWJhfItebuJhsGSLjaBbNSQ+ieg==}

  strip-final-newline@3.0.0:
    resolution: {integrity: sha512-dOESqjYr96iWYylGObzd39EuNTa5VJxyvVAEm5Jnh7KGo75V43Hk1odPQkNDyXNmUR6k+gEiDVXnjB8HJ3crXw==}
    engines: {node: '>=12'}

  trim-lines@3.0.1:
    resolution: {integrity: sha512-kRj8B+YHZCc9kQYdWfJB2/oUl9rA99qbowYYBtr4ui4mZyAQ2JpvVBd/6U2YloATfqBhBTSMhTpgBHtU0Mf3Rg==}

  typedoc-github-wiki-theme@1.1.0:
    resolution: {integrity: sha512-VyFmz8ZV2j/qEsCjD5EtR6FgZsCoy64Zr6SS9kCTcq7zx69Cx4UJBx8Ga/naxqs08TDggE6myIfODY6awwAGcA==}
    peerDependencies:
      typedoc: '>=0.24.0'
      typedoc-plugin-markdown: '>=3.15.0'

  typedoc-gitlab-wiki-theme@1.1.1:
    resolution: {integrity: sha512-WnFpEyHsxCFY1GstpaViwGagFL9SfsKm3L/m2jEXtTO274ExZYbkPLZ7W/REP9xD51fvW57MyIJZrfo+V+UM5A==}
    peerDependencies:
      typedoc: '>=0.24.0'
      typedoc-plugin-markdown: '>=3.15.0'

  typedoc-plugin-markdown-pages@0.3.0:
    resolution: {integrity: sha512-QVWs6eL0BEOiRgJm6wRRgE8kESFv85HlefLv14ZbMM2VQ1HqErVeT9ukbhkYMznsD/juAsX3Xc5M+Ju7/ZDq4Q==}

  typedoc-plugin-markdown@3.17.1:
    resolution: {integrity: sha512-QzdU3fj0Kzw2XSdoL15ExLASt2WPqD7FbLeaqwT70+XjKyTshBnUlQA5nNREO1C2P8Uen0CDjsBLMsCQ+zd0lw==}
    peerDependencies:
      typedoc: '>=0.24.0'

  typedoc-plugin-mdn-links@3.3.8:
    resolution: {integrity: sha512-Aewg+SW7hBdffRpT6WnpRwWthoaF9irlzXDKRyvcDVekPZSFujOlh690SV6eCgqrtP7GBJmN0TVeJUq6+6rb1w==}
    peerDependencies:
      typedoc: '>= 0.23.14 || 0.24.x || 0.25.x || 0.26.x'

  typedoc@0.26.11:
    resolution: {integrity: sha512-sFEgRRtrcDl2FxVP58Ze++ZK2UQAEvtvvH8rRlig1Ja3o7dDaMHmaBfvJmdGnNEFaLTpQsN8dpvZaTqJSu/Ugw==}
    engines: {node: '>= 18'}
    hasBin: true
    peerDependencies:
      typescript: 4.6.x || 4.7.x || 4.8.x || 4.9.x || 5.0.x || 5.1.x || 5.2.x || 5.3.x || 5.4.x || 5.5.x || 5.6.x

  typescript@5.9.3:
    resolution: {integrity: sha512-jl1vZzPDinLr9eUt3J/t7V6FgNEw9QjvBPdysz9KfQDD41fQrC2Y4vKQdiaUpFT4bXlb1RHhLpp8wtm6M5TgSw==}
    engines: {node: '>=14.17'}
    hasBin: true

  uc.micro@2.1.0:
    resolution: {integrity: sha512-ARDJmphmdvUk6Glw7y9DQ2bFkKBHwQHLi2lsaH6PPmz/Ka9sFOBsBluozhDltWmnv9u/cF6Rt87znRTPV+yp/A==}

  uglify-js@3.19.3:
    resolution: {integrity: sha512-v3Xu+yuwBXisp6QYTcH4UbH+xYJXqnq2m/LtQVWKWzYc1iehYnLixoQDN9FH6/j9/oybfd6W9Ghwkl8+UMKTKQ==}
    engines: {node: '>=0.8.0'}
    hasBin: true

  unist-util-is@6.0.1:
    resolution: {integrity: sha512-LsiILbtBETkDz8I9p1dQ0uyRUWuaQzd/cuEeS1hoRSyW5E5XGmTzlwY1OrNzzakGowI9Dr/I8HVaw4hTtnxy8g==}

  unist-util-position@5.0.0:
    resolution: {integrity: sha512-fucsC7HjXvkB5R3kTCO7kUjRdrS0BJt3M/FPxmHMBOm8JQi2BsHAHFsy27E0EolP8rp0NzXsJ+jNPyDWvOJZPA==}

  unist-util-stringify-position@4.0.0:
    resolution: {integrity: sha512-0ASV06AAoKCDkS2+xw5RXJywruurpbC4JZSm7nr7MOt1ojAzvyyaO+UxZf18j8FCF6kmzCZKcAgN/yu2gm2XgQ==}

  unist-util-visit-parents@6.0.2:
    resolution: {integrity: sha512-goh1s1TBrqSqukSc8wrjwWhL0hiJxgA8m4kFxGlQ+8FYQ3C/m11FcTs4YYem7V664AhHVvgoQLk890Ssdsr2IQ==}

  unist-util-visit@5.1.0:
    resolution: {integrity: sha512-m+vIdyeCOpdr/QeQCu2EzxX/ohgS8KbnPDgFni4dQsfSCtpz8UqDyY5GjRru8PDKuYn7Fq19j1CQ+nJSsGKOzg==}

  universalify@2.0.1:
    resolution: {integrity: sha512-gptHNQghINnc/vTGIk0SOFGFNXw7JVrlRUtConJRlvaw6DuX0wO5Jeko9sWrMBhh+PsYAZ7oXAiOnf/UKogyiw==}
    engines: {node: '>= 10.0.0'}

  vfile-message@4.0.3:
    resolution: {integrity: sha512-QTHzsGd1EhbZs4AsQ20JX1rC3cOlt/IWJruk893DfLRr57lcnOeMaWG4K0JrRta4mIJZKth2Au3mM3u03/JWKw==}

  vfile@6.0.3:
    resolution: {integrity: sha512-KzIbH/9tXat2u30jf+smMwFCsno4wHVdNmzFyL+T/L3UGqqk6JKfVqOFOZEpZSHADH1k40ab6NUIXZq422ov3Q==}

  which@2.0.2:
    resolution: {integrity: sha512-BLI3Tl1TW3Pvl70l3yq3Y64i+awpwXqsGBYWkkqMtnbXgrMD+yj7rhW0kuEDxzJaYXGjEW5ogapKNMEKNMjibA==}
    engines: {node: '>= 8'}
    hasBin: true

  wordwrap@1.0.0:
    resolution: {integrity: sha512-gvVzJFlPycKc5dZN4yPkP8w7Dc37BtP1yczEneOb4uq34pXZcvrtRTmWV8W+Ume+XCxKgbjM+nevkyFPMybd4Q==}

  yaml@2.8.2:
    resolution: {integrity: sha512-mplynKqc1C2hTVYxd0PU2xQAc22TI1vShAYGksCCfxbn/dFwnHTNi1bvYsBTkhdUNtGIf5xNOg938rrSSYvS9A==}
    engines: {node: '>= 14.6'}
    hasBin: true

  zwitch@2.0.4:
    resolution: {integrity: sha512-bXE4cR/kVZhKZX/RjPEflHaKVhUVl85noU3v6b8apfQEc1x4A+zBxjZ4lN8LqGd6WZ3dl98pY4o717VFmoPp+A==}

snapshots:

  '@shikijs/core@1.29.2':
    dependencies:
      '@shikijs/engine-javascript': 1.29.2
      '@shikijs/engine-oniguruma': 1.29.2
      '@shikijs/types': 1.29.2
      '@shikijs/vscode-textmate': 10.0.2
      '@types/hast': 3.0.4
      hast-util-to-html: 9.0.5

  '@shikijs/engine-javascript@1.29.2':
    dependencies:
      '@shikijs/types': 1.29.2
      '@shikijs/vscode-textmate': 10.0.2
      oniguruma-to-es: 2.3.0

  '@shikijs/engine-oniguruma@1.29.2':
    dependencies:
      '@shikijs/types': 1.29.2
      '@shikijs/vscode-textmate': 10.0.2

  '@shikijs/langs@1.29.2':
    dependencies:
      '@shikijs/types': 1.29.2

  '@shikijs/themes@1.29.2':
    dependencies:
      '@shikijs/types': 1.29.2

  '@shikijs/types@1.29.2':
    dependencies:
      '@shikijs/vscode-textmate': 10.0.2
      '@types/hast': 3.0.4

  '@shikijs/vscode-textmate@10.0.2': {}

  '@types/hast@3.0.4':
    dependencies:
      '@types/unist': 3.0.3

  '@types/mdast@4.0.4':
    dependencies:
      '@types/unist': 3.0.3

  '@types/unist@3.0.3': {}

  '@ungap/structured-clone@1.3.0': {}

  argparse@2.0.1: {}

  balanced-match@1.0.2: {}

  brace-expansion@2.0.2:
    dependencies:
      balanced-match: 1.0.2

  ccount@2.0.1: {}

  character-entities-html4@2.1.0: {}

  character-entities-legacy@3.0.0: {}

  comma-separated-tokens@2.0.3: {}

  cross-spawn@7.0.6:
    dependencies:
      path-key: 3.1.1
      shebang-command: 2.0.0
      which: 2.0.2

  dequal@2.0.3: {}

  devlop@1.1.0:
    dependencies:
      dequal: 2.0.3

  emoji-regex-xs@1.0.0: {}

  entities@4.5.0: {}

  execa@8.0.1:
    dependencies:
      cross-spawn: 7.0.6
      get-stream: 8.0.1
      human-signals: 5.0.0
      is-stream: 3.0.0
      merge-stream: 2.0.0
      npm-run-path: 5.3.0
      onetime: 6.0.0
      signal-exit: 4.1.0
      strip-final-newline: 3.0.0

  fs-extra@11.3.3:
    dependencies:
      graceful-fs: 4.2.11
      jsonfile: 6.2.0
      universalify: 2.0.1

  get-stream@8.0.1: {}

  graceful-fs@4.2.11: {}

  handlebars@4.7.8:
    dependencies:
      minimist: 1.2.8
      neo-async: 2.6.2
      source-map: 0.6.1
      wordwrap: 1.0.0
    optionalDependencies:
      uglify-js: 3.19.3

  hast-util-to-html@9.0.5:
    dependencies:
      '@types/hast': 3.0.4
      '@types/unist': 3.0.3
      ccount: 2.0.1
      comma-separated-tokens: 2.0.3
      hast-util-whitespace: 3.0.0
      html-void-elements: 3.0.0
      mdast-util-to-hast: 13.2.1
      property-information: 7.1.0
      space-separated-tokens: 2.0.2
      stringify-entities: 4.0.4
      zwitch: 2.0.4

  hast-util-whitespace@3.0.0:
    dependencies:
      '@types/hast': 3.0.4

  html-void-elements@3.0.0: {}

  human-signals@5.0.0: {}

  is-stream@3.0.0: {}

  isexe@2.0.0: {}

  jsonfile@6.2.0:
    dependencies:
      universalify: 2.0.1
    optionalDependencies:
      graceful-fs: 4.2.11

  linkify-it@5.0.0:
    dependencies:
      uc.micro: 2.1.0

  lunr@2.3.9: {}

  markdown-it@14.1.1:
    dependencies:
      argparse: 2.0.1
      entities: 4.5.0
      linkify-it: 5.0.0
      mdurl: 2.0.0
      punycode.js: 2.3.1
      uc.micro: 2.1.0

  mdast-util-to-hast@13.2.1:
    dependencies:
      '@types/hast': 3.0.4
      '@types/mdast': 4.0.4
      '@ungap/structured-clone': 1.3.0
      devlop: 1.1.0
      micromark-util-sanitize-uri: 2.0.1
      trim-lines: 3.0.1
      unist-util-position: 5.0.0
      unist-util-visit: 5.1.0
      vfile: 6.0.3

  mdurl@2.0.0: {}

  merge-stream@2.0.0: {}

  micromark-util-character@2.1.1:
    dependencies:
      micromark-util-symbol: 2.0.1
      micromark-util-types: 2.0.2

  micromark-util-encode@2.0.1: {}

  micromark-util-sanitize-uri@2.0.1:
    dependencies:
      micromark-util-character: 2.1.1
      micromark-util-encode: 2.0.1
      micromark-util-symbol: 2.0.1

  micromark-util-symbol@2.0.1: {}

  micromark-util-types@2.0.2: {}

  mimic-fn@4.0.0: {}

  minimatch@9.0.5:
    dependencies:
      brace-expansion: 2.0.2

  minimist@1.2.8: {}

  neo-async@2.6.2: {}

  npm-run-path@5.3.0:
    dependencies:
      path-key: 4.0.0

  onetime@6.0.0:
    dependencies:
      mimic-fn: 4.0.0

  oniguruma-to-es@2.3.0:
    dependencies:
      emoji-regex-xs: 1.0.0
      regex: 5.1.1
      regex-recursion: 5.1.1

  path-key@3.1.1: {}

  path-key@4.0.0: {}

  property-information@7.1.0: {}

  punycode.js@2.3.1: {}

  regex-recursion@5.1.1:
    dependencies:
      regex: 5.1.1
      regex-utilities: 2.3.0

  regex-utilities@2.3.0: {}

  regex@5.1.1:
    dependencies:
      regex-utilities: 2.3.0

  shebang-command@2.0.0:
    dependencies:
      shebang-regex: 3.0.0

  shebang-regex@3.0.0: {}

  shiki@1.29.2:
    dependencies:
      '@shikijs/core': 1.29.2
      '@shikijs/engine-javascript': 1.29.2
      '@shikijs/engine-oniguruma': 1.29.2
      '@shikijs/langs': 1.29.2
      '@shikijs/themes': 1.29.2
      '@shikijs/types': 1.29.2
      '@shikijs/vscode-textmate': 10.0.2
      '@types/hast': 3.0.4

  signal-exit@4.1.0: {}

  source-map@0.6.1: {}

  space-separated-tokens@2.0.2: {}

  stringify-entities@4.0.4:
    dependencies:
      character-entities-html4: 2.1.0
      character-entities-legacy: 3.0.0

  strip-final-newline@3.0.0: {}

  trim-lines@3.0.1: {}

  typedoc-github-wiki-theme@1.1.0(typedoc-plugin-markdown@3.17.1(typedoc@0.26.11(typescript@5.9.3)))(typedoc@0.26.11(typescript@5.9.3)):
    dependencies:
      typedoc: 0.26.11(typescript@5.9.3)
      typedoc-plugin-markdown: 3.17.1(typedoc@0.26.11(typescript@5.9.3))

  typedoc-gitlab-wiki-theme@1.1.1(typedoc-plugin-markdown@3.17.1(typedoc@0.26.11(typescript@5.9.3)))(typedoc@0.26.11(typescript@5.9.3)):
    dependencies:
      typedoc: 0.26.11(typescript@5.9.3)
      typedoc-plugin-markdown: 3.17.1(typedoc@0.26.11(typescript@5.9.3))

  typedoc-plugin-markdown-pages@0.3.0: {}

  typedoc-plugin-markdown@3.17.1(typedoc@0.26.11(typescript@5.9.3)):
    dependencies:
      handlebars: 4.7.8
      typedoc: 0.26.11(typescript@5.9.3)

  typedoc-plugin-mdn-links@3.3.8(typedoc@0.26.11(typescript@5.9.3)):
    dependencies:
      typedoc: 0.26.11(typescript@5.9.3)

  typedoc@0.26.11(typescript@5.9.3):
    dependencies:
      lunr: 2.3.9
      markdown-it: 14.1.1
      minimatch: 9.0.5
      shiki: 1.29.2
      typescript: 5.9.3
      yaml: 2.8.2

  typescript@5.9.3: {}

  uc.micro@2.1.0: {}

  uglify-js@3.19.3:
    optional: true

  unist-util-is@6.0.1:
    dependencies:
      '@types/unist': 3.0.3

  unist-util-position@5.0.0:
    dependencies:
      '@types/unist': 3.0.3

  unist-util-stringify-position@4.0.0:
    dependencies:
      '@types/unist': 3.0.3

  unist-util-visit-parents@6.0.2:
    dependencies:
      '@types/unist': 3.0.3
      unist-util-is: 6.0.1

  unist-util-visit@5.1.0:
    dependencies:
      '@types/unist': 3.0.3
      unist-util-is: 6.0.1
      unist-util-visit-parents: 6.0.2

  universalify@2.0.1: {}

  vfile-message@4.0.3:
    dependencies:
      '@types/unist': 3.0.3
      unist-util-stringify-position: 4.0.0

  vfile@6.0.3:
    dependencies:
      '@types/unist': 3.0.3
      vfile-message: 4.0.3

  which@2.0.2:
    dependencies:
      isexe: 2.0.0

  wordwrap@1.0.0: {}

  yaml@2.8.2: {}

  zwitch@2.0.4: {}
